[[package]]
category = "main"
description = "Blazingly fast cleaning swear words (and their leetspeak) in strings"
name = "better-profanity"
optional = false
python-versions = "==3.*"
version = "0.7.0"

[[package]]
category = "main"
description = "Python package for providing Mozilla's CA Bundle."
name = "certifi"
optional = false
python-versions = "*"
version = "2020.12.5"

[[package]]
category = "main"
description = "Universal encoding detector for Python 2 and 3"
name = "chardet"
optional = false
python-versions = ">=2.7, !=3.0.*, !=3.1.*, !=3.2.*, !=3.3.*, !=3.4.*"
version = "4.0.0"

[[package]]
category = "main"
description = "Python bindings and utilities for GeoJSON"
name = "geojson"
optional = false
python-versions = "*"
version = "2.5.0"

[[package]]
category = "main"
description = "Internationalized Domain Names in Applications (IDNA)"
name = "idna"
optional = false
python-versions = ">=2.7, !=3.0.*, !=3.1.*, !=3.2.*, !=3.3.*"
version = "2.10"

[[package]]
category = "main"
description = "One line jokes for programmers (jokes as a service)"
name = "pyjokes"
optional = false
python-versions = "*"
version = "0.6.0"

[package.extras]
doc = ["mkdocs"]
test = ["pytest", "coverage", "tox"]

[[package]]
category = "main"
description = "A Python wrapper around OpenWeatherMap web APIs"
name = "pyowm"
optional = false
python-versions = ">=3.7"
version = "3.1.1"

[package.dependencies]
PySocks = ">=1.7.1,<2"
geojson = ">=2.3.0,<3"

[[package.dependencies.requests]]
version = ">=2.20.0,<3"

[[package.dependencies.requests]]
extras = ["socks"]
version = "*"

[[package]]
category = "main"
description = "A Python SOCKS client module. See https://github.com/Anorov/PySocks for more information."
name = "pysocks"
optional = false
python-versions = ">=2.7, !=3.0.*, !=3.1.*, !=3.2.*, !=3.3.*"
version = "1.7.1"

[[package]]
category = "main"
description = "Python HTTP for Humans."
name = "requests"
optional = false
python-versions = ">=2.7, !=3.0.*, !=3.1.*, !=3.2.*, !=3.3.*, !=3.4.*"
version = "2.25.1"

[package.dependencies]
certifi = ">=2017.4.17"
chardet = ">=3.0.2,<5"
idna = ">=2.5,<3"
urllib3 = ">=1.21.1,<1.27"

[package.extras]
security = ["pyOpenSSL (>=0.14)", "cryptography (>=1.3.4)"]
socks = ["PySocks (>=1.5.6,<1.5.7 || >1.5.7)", "win-inet-pton"]

[[package]]
category = "main"
description = "HTTP library with thread-safe connection pooling, file post, and more."
name = "urllib3"
optional = false
python-versions = ">=2.7, !=3.0.*, !=3.1.*, !=3.2.*, !=3.3.*, !=3.4.*, <4"
version = "1.26.2"

[package.extras]
brotli = ["brotlipy (>=0.6.0)"]
secure = ["pyOpenSSL (>=0.14)", "cryptography (>=1.3.4)", "idna (>=2.0.0)", "certifi", "ipaddress"]
socks = ["PySocks (>=1.5.6,<1.5.7 || >1.5.7,<2.0)"]

[metadata]
content-hash = "20ac561895167c3c09b90ef0d6d830f638037bb5700ea0307a60c7056a34c89a"
python-versions = "^3.8"

[metadata.files]
better-profanity = [
    {file = "better_profanity-0.7.0-py3-none-any.whl", hash = "sha256:bd4c529ea6aa2db1aaa50524be1ed14d0fe5c664f1fd88c8bc388c7e9f9f00e8"},
    {file = "better_profanity-0.7.0.tar.gz", hash = "sha256:8a6fdc8606d7471e7b5f6801917eca98ec211098262e82f62da4f5de3a73145b"},
]
certifi = [
    {file = "certifi-2020.12.5-py2.py3-none-any.whl", hash = "sha256:719a74fb9e33b9bd44cc7f3a8d94bc35e4049deebe19ba7d8e108280cfd59830"},
    {file = "certifi-2020.12.5.tar.gz", hash = "sha256:1a4995114262bffbc2413b159f2a1a480c969de6e6eb13ee966d470af86af59c"},
]
chardet = [
    {file = "chardet-4.0.0-py2.py3-none-any.whl", hash = "sha256:f864054d66fd9118f2e67044ac8981a54775ec5b67aed0441892edb553d21da5"},
    {file = "chardet-4.0.0.tar.gz", hash = "sha256:0d6f53a15db4120f2b08c94f11e7d93d2c911ee118b6b30a04ec3ee8310179fa"},
]
geojson = [
    {file = "geojson-2.5.0-py2.py3-none-any.whl", hash = "sha256:ccbd13368dd728f4e4f13ffe6aaf725b6e802c692ba0dde628be475040c534ba"},
    {file = "geojson-2.5.0.tar.gz", hash = "sha256:6e4bb7ace4226a45d9c8c8b1348b3fc43540658359f93c3f7e03efa9f15f658a"},
]
idna = [
    {file = "idna-2.10-py2.py3-none-any.whl", hash = "sha256:b97d804b1e9b523befed77c48dacec60e6dcb0b5391d57af6a65a312a90648c0"},
    {file = "idna-2.10.tar.gz", hash = "sha256:b307872f855b18632ce0c21c5e45be78c0ea7ae4c15c828c20788b26921eb3f6"},
]
pyjokes = [
    {file = "pyjokes-0.6.0-py2.py3-none-any.whl", hash = "sha256:70b6125186dee5845038505cd16b5e09250da46c730e36b44ffd870e3c81aaaa"},
    {file = "pyjokes-0.6.0.tar.gz", hash = "sha256:08860eedb78cbfa4618243c8db088f21c39823ece1fdaf0133e52d9c56e981a5"},
]
pyowm = [
    {file = "pyowm-3.1.1-py3-none-any.whl", hash = "sha256:70dbeb41716937ccee694cc9f93c55e08781a019772b9683fed550ce81aefe02"},
    {file = "pyowm-3.1.1-py3.7.egg", hash = "sha256:93d0fc2c38ae83ef8243f9b154de4d21dd1a28a996abfb8e262c7d88895d1b27"},
    {file = "pyowm-3.1.1-py3.8.egg", hash = "sha256:22f94436533835d579d288ebd6d565e772461459a519bc17918d1186d041b444"},
    {file = "pyowm-3.1.1.tar.gz", hash = "sha256:a7b18297a9189dbe5f6b454b12d61a407e35c7eb9ca75bcabfe5e1c83245290d"},
]
pysocks = [
    {file = "PySocks-1.7.1-py27-none-any.whl", hash = "sha256:08e69f092cc6dbe92a0fdd16eeb9b9ffbc13cadfe5ca4c7bd92ffb078b293299"},
    {file = "PySocks-1.7.1-py3-none-any.whl", hash = "sha256:2725bd0a9925919b9b51739eea5f9e2bae91e83288108a9ad338b2e3a4435ee5"},
    {file = "PySocks-1.7.1.tar.gz", hash = "sha256:3f8804571ebe159c380ac6de37643bb4685970655d3bba243530d6558b799aa0"},
]
requests = [
    {file = "requests-2.25.1-py2.py3-none-any.whl", hash = "sha256:c210084e36a42ae6b9219e00e48287def368a26d03a048ddad7bfee44f75871e"},
    {file = "requests-2.25.1.tar.gz", hash = "sha256:27973dd4a904a4f13b263a19c866c13b92a39ed1c964655f025f3f8d3d75b804"},
]
urllib3 = [
    {file = "urllib3-1.26.2-py2.py3-none-any.whl", hash = "sha256:d8ff90d979214d7b4f8ce956e80f4028fc6860e4431f731ea4a8c08f23f99473"},
    {file = "urllib3-1.26.2.tar.gz", hash = "sha256:19188f96923873c92ccb987120ec4acaa12f0461fa9ce5d3d0772bc965a39e08"},
]
